
Microsoft Visual Studio Solution File, Format Version 12.00
# Visual Studio 15
VisualStudioVersion = 15.0.28307.168
MinimumVisualStudioVersion = 10.0.40219.1
Project("{FAE04EC0-301F-11D3-BF4B-00C04F79EFBC}") = "Redux.DevTools.Universal", "Redux.DevTools.Universal\Redux.DevTools.Universal.csproj", "{9E9E1F17-990B-4208-8BB6-4B2F5E295EE9}"
EndProject
Project("{FAE04EC0-301F-11D3-BF4B-00C04F79EFBC}") = "Redux.DevTools.WPF", "Redux.DevTools.WPF\Redux.DevTools.WPF.csproj", "{37955967-CC13-4E89-8A84-8270E34C56CE}"
EndProject
Project("{9A19103F-16F7-4668-BE54-9A1E7A4F7556}") = "Redux", "Redux\Redux.csproj", "{1A90238D-FB14-4C68-B21B-DBDF33B66D9E}"
EndProject
Project("{9A19103F-16F7-4668-BE54-9A1E7A4F7556}") = "Redux.DevTools", "Redux.DevTools\Redux.DevTools.csproj", "{A17D511B-9B0F-49D4-AB7F-357DF75EE0F6}"
EndProject
Project("{FAE04EC0-301F-11D3-BF4B-00C04F79EFBC}") = "Redux.Tests", "Redux.Tests\Redux.Tests.csproj", "{E13A6DEA-0063-4167-BD87-AE1EA21DEC3B}"
EndProject
Global
	GlobalSection(SolutionConfigurationPlatforms) = preSolution
		Debug|Any CPU = Debug|Any CPU
		Debug|ARM = Debug|ARM
		Debug|x64 = Debug|x64
		Debug|x86 = Debug|x86
		Release|Any CPU = Release|Any CPU
		Release|ARM = Release|ARM
		Release|x64 = Release|x64
		Release|x86 = Release|x86
	EndGlobalSection
	GlobalSection(ProjectConfigurationPlatforms) = postSolution
		{9E9E1F17-990B-4208-8BB6-4B2F5E295EE9}.Debug|Any CPU.ActiveCfg = Debug|Any CPU
		{9E9E1F17-990B-4208-8BB6-4B2F5E295EE9}.Debug|Any CPU.Build.0 = Debug|Any CPU
		{9E9E1F17-990B-4208-8BB6-4B2F5E295EE9}.Debug|ARM.ActiveCfg = Debug|ARM
		{9E9E1F17-990B-4208-8BB6-4B2F5E295EE9}.Debug|ARM.Build.0 = Debug|ARM
		{9E9E1F17-990B-4208-8BB6-4B2F5E295EE9}.Debug|x64.ActiveCfg = Debug|x64
		{9E9E1F17-990B-4208-8BB6-4B2F5E295EE9}.Debug|x64.Build.0 = Debug|x64
		{9E9E1F17-990B-4208-8BB6-4B2F5E295EE9}.Debug|x86.ActiveCfg = Debug|x86
		{9E9E1F17-990B-4208-8BB6-4B2F5E295EE9}.Debug|x86.Build.0 = Debug|x86
		{9E9E1F17-990B-4208-8BB6-4B2F5E295EE9}.Release|Any CPU.ActiveCfg = Release|Any CPU
		{9E9E1F17-990B-4208-8BB6-4B2F5E295EE9}.Release|Any CPU.Build.0 = Release|Any CPU
		{9E9E1F17-990B-4208-8BB6-4B2F5E295EE9}.Release|ARM.ActiveCfg = Release|ARM
		{9E9E1F17-990B-4208-8BB6-4B2F5E295EE9}.Release|ARM.Build.0 = Release|ARM
		{9E9E1F17-990B-4208-8BB6-4B2F5E295EE9}.Release|x64.ActiveCfg = Release|x64
		{9E9E1F17-990B-4208-8BB6-4B2F5E295EE9}.Release|x64.Build.0 = Release|x64
		{9E9E1F17-990B-4208-8BB6-4B2F5E295EE9}.Release|x86.ActiveCfg = Release|x86
		{9E9E1F17-990B-4208-8BB6-4B2F5E295EE9}.Release|x86.Build.0 = Release|x86
		{37955967-CC13-4E89-8A84-8270E34C56CE}.Debug|Any CPU.ActiveCfg = Debug|Any CPU
		{37955967-CC13-4E89-8A84-8270E34C56CE}.Debug|Any CPU.Build.0 = Debug|Any CPU
		{37955967-CC13-4E89-8A84-8270E34C56CE}.Debug|ARM.ActiveCfg = Debug|Any CPU
		{37955967-CC13-4E89-8A84-8270E34C56CE}.Debug|ARM.Build.0 = Debug|Any CPU
		{37955967-CC13-4E89-8A84-8270E34C56CE}.Debug|x64.ActiveCfg = Debug|Any CPU
		{37955967-CC13-4E89-8A84-8270E34C56CE}.Debug|x64.Build.0 = Debug|Any CPU
		{37955967-CC13-4E89-8A84-8270E34C56CE}.Debug|x86.ActiveCfg = Debug|Any CPU
		{37955967-CC13-4E89-8A84-8270E34C56CE}.Debug|x86.Build.0 = Debug|Any CPU
		{37955967-CC13-4E89-8A84-8270E34C56CE}.Release|Any CPU.ActiveCfg = Release|Any CPU
		{37955967-CC13-4E89-8A84-8270E34C56CE}.Release|Any CPU.Build.0 = Release|Any CPU
		{37955967-CC13-4E89-8A84-8270E34C56CE}.Release|ARM.ActiveCfg = Release|Any CPU
		{37955967-CC13-4E89-8A84-8270E34C56CE}.Release|ARM.Build.0 = Release|Any CPU
		{37955967-CC13-4E89-8A84-8270E34C56CE}.Release|x64.ActiveCfg = Release|Any CPU
		{37955967-CC13-4E89-8A84-8270E34C56CE}.Release|x64.Build.0 = Release|Any CPU
		{37955967-CC13-4E89-8A84-8270E34C56CE}.Release|x86.ActiveCfg = Release|Any CPU
		{37955967-CC13-4E89-8A84-8270E34C56CE}.Release|x86.Build.0 = Release|Any CPU
		{1A90238D-FB14-4C68-B21B-DBDF33B66D9E}.Debug|Any CPU.ActiveCfg = Debug|Any CPU
		{1A90238D-FB14-4C68-B21B-DBDF33B66D9E}.Debug|Any CPU.Build.0 = Debug|Any CPU
		{1A90238D-FB14-4C68-B21B-DBDF33B66D9E}.Debug|ARM.ActiveCfg = Debug|Any CPU
		{1A90238D-FB14-4C68-B21B-DBDF33B66D9E}.Debug|ARM.Build.0 = Debug|Any CPU
		{1A90238D-FB14-4C68-B21B-DBDF33B66D9E}.Debug|x64.ActiveCfg = Debug|Any CPU
		{1A90238D-FB14-4C68-B21B-DBDF33B66D9E}.Debug|x64.Build.0 = Debug|Any CPU
		{1A90238D-FB14-4C68-B21B-DBDF33B66D9E}.Debug|x86.ActiveCfg = Debug|Any CPU
		{1A90238D-FB14-4C68-B21B-DBDF33B66D9E}.Debug|x86.Build.0 = Debug|Any CPU
		{1A90238D-FB14-4C68-B21B-DBDF33B66D9E}.Release|Any CPU.ActiveCfg = Release|Any CPU
		{1A90238D-FB14-4C68-B21B-DBDF33B66D9E}.Release|Any CPU.Build.0 = Release|Any CPU
		{1A90238D-FB14-4C68-B21B-DBDF33B66D9E}.Release|ARM.ActiveCfg = Release|Any CPU
		{1A90238D-FB14-4C68-B21B-DBDF33B66D9E}.Release|ARM.Build.0 = Release|Any CPU
		{1A90238D-FB14-4C68-B21B-DBDF33B66D9E}.Release|x64.ActiveCfg = Release|Any CPU
		{1A90238D-FB14-4C68-B21B-DBDF33B66D9E}.Release|x64.Build.0 = Release|Any CPU
		{1A90238D-FB14-4C68-B21B-DBDF33B66D9E}.Release|x86.ActiveCfg = Release|Any CPU
		{1A90238D-FB14-4C68-B21B-DBDF33B66D9E}.Release|x86.Build.0 = Release|Any CPU
		{A17D511B-9B0F-49D4-AB7F-357DF75EE0F6}.Debug|Any CPU.ActiveCfg = Debug|Any CPU
		{A17D511B-9B0F-49D4-AB7F-357DF75EE0F6}.Debug|Any CPU.Build.0 = Debug|Any CPU
		{A17D511B-9B0F-49D4-AB7F-357DF75EE0F6}.Debug|ARM.ActiveCfg = Debug|Any CPU
		{A17D511B-9B0F-49D4-AB7F-357DF75EE0F6}.Debug|ARM.Build.0 = Debug|Any CPU
		{A17D511B-9B0F-49D4-AB7F-357DF75EE0F6}.Debug|x64.ActiveCfg = Debug|Any CPU
		{A17D511B-9B0F-49D4-AB7F-357DF75EE0F6}.Debug|x64.Build.0 = Debug|Any CPU
		{A17D511B-9B0F-49D4-AB7F-357DF75EE0F6}.Debug|x86.ActiveCfg = Debug|Any CPU
		{A17D511B-9B0F-49D4-AB7F-357DF75EE0F6}.Debug|x86.Build.0 = Debug|Any CPU
		{A17D511B-9B0F-49D4-AB7F-357DF75EE0F6}.Release|Any CPU.ActiveCfg = Release|Any CPU
		{A17D511B-9B0F-49D4-AB7F-357DF75EE0F6}.Release|Any CPU.Build.0 = Release|Any CPU
		{A17D511B-9B0F-49D4-AB7F-357DF75EE0F6}.Release|ARM.ActiveCfg = Release|Any CPU
		{A17D511B-9B0F-49D4-AB7F-357DF75EE0F6}.Release|ARM.Build.0 = Release|Any CPU
		{A17D511B-9B0F-49D4-AB7F-357DF75EE0F6}.Release|x64.ActiveCfg = Release|Any CPU
		{A17D511B-9B0F-49D4-AB7F-357DF75EE0F6}.Release|x64.Build.0 = Release|Any CPU
		{A17D511B-9B0F-49D4-AB7F-357DF75EE0F6}.Release|x86.ActiveCfg = Release|Any CPU
		{A17D511B-9B0F-49D4-AB7F-357DF75EE0F6}.Release|x86.Build.0 = Release|Any CPU
		{E13A6DEA-0063-4167-BD87-AE1EA21DEC3B}.Debug|Any CPU.ActiveCfg = Debug|Any CPU
		{E13A6DEA-0063-4167-BD87-AE1EA21DEC3B}.Debug|Any CPU.Build.0 = Debug|Any CPU
		{E13A6DEA-0063-4167-BD87-AE1EA21DEC3B}.Debug|ARM.ActiveCfg = Debug|Any CPU
		{E13A6DEA-0063-4167-BD87-AE1EA21DEC3B}.Debug|ARM.Build.0 = Debug|Any CPU
		{E13A6DEA-0063-4167-BD87-AE1EA21DEC3B}.Debug|x64.ActiveCfg = Debug|Any CPU
		{E13A6DEA-0063-4167-BD87-AE1EA21DEC3B}.Debug|x64.Build.0 = Debug|Any CPU
		{E13A6DEA-0063-4167-BD87-AE1EA21DEC3B}.Debug|x86.ActiveCfg = Debug|Any CPU
		{E13A6DEA-0063-4167-BD87-AE1EA21DEC3B}.Debug|x86.Build.0 = Debug|Any CPU
		{E13A6DEA-0063-4167-BD87-AE1EA21DEC3B}.Release|Any CPU.ActiveCfg = Release|Any CPU
		{E13A6DEA-0063-4167-BD87-AE1EA21DEC3B}.Release|Any CPU.Build.0 = Release|Any CPU
		{E13A6DEA-0063-4167-BD87-AE1EA21DEC3B}.Release|ARM.ActiveCfg = Release|Any CPU
		{E13A6DEA-0063-4167-BD87-AE1EA21DEC3B}.Release|ARM.Build.0 = Release|Any CPU
		{E13A6DEA-0063-4167-BD87-AE1EA21DEC3B}.Release|x64.ActiveCfg = Release|Any CPU
		{E13A6DEA-0063-4167-BD87-AE1EA21DEC3B}.Release|x64.Build.0 = Release|Any CPU
		{E13A6DEA-0063-4167-BD87-AE1EA21DEC3B}.Release|x86.ActiveCfg = Release|Any CPU
		{E13A6DEA-0063-4167-BD87-AE1EA21DEC3B}.Release|x86.Build.0 = Release|Any CPU
	EndGlobalSection
	GlobalSection(SolutionProperties) = preSolution
		HideSolutionNode = FALSE
	EndGlobalSection
	GlobalSection(ExtensibilityGlobals) = postSolution
		SolutionGuid = {D6C56564-7A45-429E-8665-DBEF63FE5940}
	EndGlobalSection
EndGlobal
